
Microsoft Visual Studio Solution File, Format Version 12.00
# Visual Studio Version 16
VisualStudioVersion = 16.0.30413.136
MinimumVisualStudioVersion = 10.0.40219.1
Project("{8BC9CEB8-8B4A-11D0-8D11-00A0C91BC942}") = "e272", "e272\e272.vcxproj", "{6895F203-DA63-41D7-9B6C-7AD77E5DE9CD}"
EndProject
Project("{8BC9CEB8-8B4A-11D0-8D11-00A0C91BC942}") = "e271", "e271\e271.vcxproj", "{F9C9538C-3CA2-45E3-9913-ED101EE013C6}"
EndProject
Project("{8BC9CEB8-8B4A-11D0-8D11-00A0C91BC942}") = "e273", "e273\e273.vcxproj", "{15488BB3-923D-4CD2-BF61-47BBB1D96503}"
EndProject
Project("{8BC9CEB8-8B4A-11D0-8D11-00A0C91BC942}") = "e274", "e274\e274.vcxproj", "{B39CC73E-5E03-4427-8425-4CA7BFE289F6}"
EndProject
Project("{8BC9CEB8-8B4A-11D0-8D11-00A0C91BC942}") = "e275", "e275\e275.vcxproj", "{DD91AA1B-C8FA-424B-A110-59AA0CD6587E}"
EndProject
Project("{8BC9CEB8-8B4A-11D0-8D11-00A0C91BC942}") = "e276", "e276\e276.vcxproj", "{D9B264DD-E70A-48F2-8185-36999DFEEB5A}"
EndProject
Project("{8BC9CEB8-8B4A-11D0-8D11-00A0C91BC942}") = "e277", "e277\e277.vcxproj", "{9BF8CDE8-B296-47CB-A9A4-698DEA0D3988}"
EndProject
Project("{8BC9CEB8-8B4A-11D0-8D11-00A0C91BC942}") = "e371", "e371\e371.vcxproj", "{31854CA9-19A0-4692-9C1E-D2E074941F41}"
EndProject
Project("{8BC9CEB8-8B4A-11D0-8D11-00A0C91BC942}") = "e372", "e372\e372.vcxproj", "{3D9A269B-9C35-4283-9CB5-78F2FF1C2021}"
EndProject
Global
	GlobalSection(SolutionConfigurationPlatforms) = preSolution
		Debug|x64 = Debug|x64
		Debug|x86 = Debug|x86
		Release|x64 = Release|x64
		Release|x86 = Release|x86
	EndGlobalSection
	GlobalSection(ProjectConfigurationPlatforms) = postSolution
		{6895F203-DA63-41D7-9B6C-7AD77E5DE9CD}.Debug|x64.ActiveCfg = Debug|x64
		{6895F203-DA63-41D7-9B6C-7AD77E5DE9CD}.Debug|x64.Build.0 = Debug|x64
		{6895F203-DA63-41D7-9B6C-7AD77E5DE9CD}.Debug|x86.ActiveCfg = Debug|Win32
		{6895F203-DA63-41D7-9B6C-7AD77E5DE9CD}.Debug|x86.Build.0 = Debug|Win32
		{6895F203-DA63-41D7-9B6C-7AD77E5DE9CD}.Release|x64.ActiveCfg = Release|x64
		{6895F203-DA63-41D7-9B6C-7AD77E5DE9CD}.Release|x64.Build.0 = Release|x64
		{6895F203-DA63-41D7-9B6C-7AD77E5DE9CD}.Release|x86.ActiveCfg = Release|Win32
		{6895F203-DA63-41D7-9B6C-7AD77E5DE9CD}.Release|x86.Build.0 = Release|Win32
		{F9C9538C-3CA2-45E3-9913-ED101EE013C6}.Debug|x64.ActiveCfg = Debug|x64
		{F9C9538C-3CA2-45E3-9913-ED101EE013C6}.Debug|x64.Build.0 = Debug|x64
		{F9C9538C-3CA2-45E3-9913-ED101EE013C6}.Debug|x86.ActiveCfg = Debug|Win32
		{F9C9538C-3CA2-45E3-9913-ED101EE013C6}.Debug|x86.Build.0 = Debug|Win32
		{F9C9538C-3CA2-45E3-9913-ED101EE013C6}.Release|x64.ActiveCfg = Release|x64
		{F9C9538C-3CA2-45E3-9913-ED101EE013C6}.Release|x64.Build.0 = Release|x64
		{F9C9538C-3CA2-45E3-9913-ED101EE013C6}.Release|x86.ActiveCfg = Release|Win32
		{F9C9538C-3CA2-45E3-9913-ED101EE013C6}.Release|x86.Build.0 = Release|Win32
		{15488BB3-923D-4CD2-BF61-47BBB1D96503}.Debug|x64.ActiveCfg = Debug|x64
		{15488BB3-923D-4CD2-BF61-47BBB1D96503}.Debug|x64.Build.0 = Debug|x64
		{15488BB3-923D-4CD2-BF61-47BBB1D96503}.Debug|x86.ActiveCfg = Debug|Win32
		{15488BB3-923D-4CD2-BF61-47BBB1D96503}.Debug|x86.Build.0 = Debug|Win32
		{15488BB3-923D-4CD2-BF61-47BBB1D96503}.Release|x64.ActiveCfg = Release|x64
		{15488BB3-923D-4CD2-BF61-47BBB1D96503}.Release|x64.Build.0 = Release|x64
		{15488BB3-923D-4CD2-BF61-47BBB1D96503}.Release|x86.ActiveCfg = Release|Win32
		{15488BB3-923D-4CD2-BF61-47BBB1D96503}.Release|x86.Build.0 = Release|Win32
		{B39CC73E-5E03-4427-8425-4CA7BFE289F6}.Debug|x64.ActiveCfg = Debug|x64
		{B39CC73E-5E03-4427-8425-4CA7BFE289F6}.Debug|x64.Build.0 = Debug|x64
		{B39CC73E-5E03-4427-8425-4CA7BFE289F6}.Debug|x86.ActiveCfg = Debug|Win32
		{B39CC73E-5E03-4427-8425-4CA7BFE289F6}.Debug|x86.Build.0 = Debug|Win32
		{B39CC73E-5E03-4427-8425-4CA7BFE289F6}.Release|x64.ActiveCfg = Release|x64
		{B39CC73E-5E03-4427-8425-4CA7BFE289F6}.Release|x64.Build.0 = Release|x64
		{B39CC73E-5E03-4427-8425-4CA7BFE289F6}.Release|x86.ActiveCfg = Release|Win32
		{B39CC73E-5E03-4427-8425-4CA7BFE289F6}.Release|x86.Build.0 = Release|Win32
		{DD91AA1B-C8FA-424B-A110-59AA0CD6587E}.Debug|x64.ActiveCfg = Debug|x64
		{DD91AA1B-C8FA-424B-A110-59AA0CD6587E}.Debug|x64.Build.0 = Debug|x64
		{DD91AA1B-C8FA-424B-A110-59AA0CD6587E}.Debug|x86.ActiveCfg = Debug|Win32
		{DD91AA1B-C8FA-424B-A110-59AA0CD6587E}.Debug|x86.Build.0 = Debug|Win32
		{DD91AA1B-C8FA-424B-A110-59AA0CD6587E}.Release|x64.ActiveCfg = Release|x64
		{DD91AA1B-C8FA-424B-A110-59AA0CD6587E}.Release|x64.Build.0 = Release|x64
		{DD91AA1B-C8FA-424B-A110-59AA0CD6587E}.Release|x86.ActiveCfg = Release|Win32
		{DD91AA1B-C8FA-424B-A110-59AA0CD6587E}.Release|x86.Build.0 = Release|Win32
		{D9B264DD-E70A-48F2-8185-36999DFEEB5A}.Debug|x64.ActiveCfg = Debug|x64
		{D9B264DD-E70A-48F2-8185-36999DFEEB5A}.Debug|x64.Build.0 = Debug|x64
		{D9B264DD-E70A-48F2-8185-36999DFEEB5A}.Debug|x86.ActiveCfg = Debug|Win32
		{D9B264DD-E70A-48F2-8185-36999DFEEB5A}.Debug|x86.Build.0 = Debug|Win32
		{D9B264DD-E70A-48F2-8185-36999DFEEB5A}.Release|x64.ActiveCfg = Release|x64
		{D9B264DD-E70A-48F2-8185-36999DFEEB5A}.Release|x64.Build.0 = Release|x64
		{D9B264DD-E70A-48F2-8185-36999DFEEB5A}.Release|x86.ActiveCfg = Release|Win32
		{D9B264DD-E70A-48F2-8185-36999DFEEB5A}.Release|x86.Build.0 = Release|Win32
		{9BF8CDE8-B296-47CB-A9A4-698DEA0D3988}.Debug|x64.ActiveCfg = Debug|x64
		{9BF8CDE8-B296-47CB-A9A4-698DEA0D3988}.Debug|x64.Build.0 = Debug|x64
		{9BF8CDE8-B296-47CB-A9A4-698DEA0D3988}.Debug|x86.ActiveCfg = Debug|Win32
		{9BF8CDE8-B296-47CB-A9A4-698DEA0D3988}.Debug|x86.Build.0 = Debug|Win32
		{9BF8CDE8-B296-47CB-A9A4-698DEA0D3988}.Release|x64.ActiveCfg = Release|x64
		{9BF8CDE8-B296-47CB-A9A4-698DEA0D3988}.Release|x64.Build.0 = Release|x64
		{9BF8CDE8-B296-47CB-A9A4-698DEA0D3988}.Release|x86.ActiveCfg = Release|Win32
		{9BF8CDE8-B296-47CB-A9A4-698DEA0D3988}.Release|x86.Build.0 = Release|Win32
		{31854CA9-19A0-4692-9C1E-D2E074941F41}.Debug|x64.ActiveCfg = Debug|x64
		{31854CA9-19A0-4692-9C1E-D2E074941F41}.Debug|x64.Build.0 = Debug|x64
		{31854CA9-19A0-4692-9C1E-D2E074941F41}.Debug|x86.ActiveCfg = Debug|Win32
		{31854CA9-19A0-4692-9C1E-D2E074941F41}.Debug|x86.Build.0 = Debug|Win32
		{31854CA9-19A0-4692-9C1E-D2E074941F41}.Release|x64.ActiveCfg = Release|x64
		{31854CA9-19A0-4692-9C1E-D2E074941F41}.Release|x64.Build.0 = Release|x64
		{31854CA9-19A0-4692-9C1E-D2E074941F41}.Release|x86.ActiveCfg = Release|Win32
		{31854CA9-19A0-4692-9C1E-D2E074941F41}.Release|x86.Build.0 = Release|Win32
		{3D9A269B-9C35-4283-9CB5-78F2FF1C2021}.Debug|x64.ActiveCfg = Debug|x64
		{3D9A269B-9C35-4283-9CB5-78F2FF1C2021}.Debug|x64.Build.0 = Debug|x64
		{3D9A269B-9C35-4283-9CB5-78F2FF1C2021}.Debug|x86.ActiveCfg = Debug|Win32
		{3D9A269B-9C35-4283-9CB5-78F2FF1C2021}.Debug|x86.Build.0 = Debug|Win32
		{3D9A269B-9C35-4283-9CB5-78F2FF1C2021}.Release|x64.ActiveCfg = Release|x64
		{3D9A269B-9C35-4283-9CB5-78F2FF1C2021}.Release|x64.Build.0 = Release|x64
		{3D9A269B-9C35-4283-9CB5-78F2FF1C2021}.Release|x86.ActiveCfg = Release|Win32
		{3D9A269B-9C35-4283-9CB5-78F2FF1C2021}.Release|x86.Build.0 = Release|Win32
	EndGlobalSection
	GlobalSection(SolutionProperties) = preSolution
		HideSolutionNode = FALSE
	EndGlobalSection
	GlobalSection(ExtensibilityGlobals) = postSolution
		SolutionGuid = {B5BF5266-D377-41BD-BD45-3B19CB2BF3D1}
	EndGlobalSection
EndGlobal
